
Microsoft Visual Studio Solution File, Format Version 12.00
# Visual Studio Version 16
VisualStudioVersion = 16.0.29806.167
MinimumVisualStudioVersion = 10.0.40219.1
Project("{FAE04EC0-301F-11D3-BF4B-00C04F79EFBC}") = "See_fight_console", "See_fight_console\See_fight_console.csproj", "{9060A0BB-62DC-4EC9-8435-FBEAA436F23B}"
EndProject
Global
	GlobalSection(SolutionConfigurationPlatforms) = preSolution
		Debug|Any CPU = Debug|Any CPU
		Release|Any CPU = Release|Any CPU
	EndGlobalSection
	GlobalSection(ProjectConfigurationPlatforms) = postSolution
		{9060A0BB-62DC-4EC9-8435-FBEAA436F23B}.Debug|Any CPU.ActiveCfg = Debug|Any CPU
		{9060A0BB-62DC-4EC9-8435-FBEAA436F23B}.Debug|Any CPU.Build.0 = Debug|Any CPU
		{9060A0BB-62DC-4EC9-8435-FBEAA436F23B}.Release|Any CPU.ActiveCfg = Release|Any CPU
		{9060A0BB-62DC-4EC9-8435-FBEAA436F23B}.Release|Any CPU.Build.0 = Release|Any CPU
	EndGlobalSection
	GlobalSection(SolutionProperties) = preSolution
		HideSolutionNode = FALSE
	EndGlobalSection
	GlobalSection(ExtensibilityGlobals) = postSolution
		SolutionGuid = {CD5D9FD1-2F93-4F17-BEF0-6B4B7DFDF586}
	EndGlobalSection
EndGlobal
